// !$*UTF8*$!
{
	archiveVersion = 1;
	classes = {
	};
	objectVersion = 50;
	objects = {

/* Begin PBXBuildFile section */
		3AC7AC3426F5205E00DD30E6 /* Jogo_do_ArrochaApp.swift in Sources */ = {isa = PBXBuildFile; fileRef = 3AC7AC3326F5205E00DD30E6 /* Jogo_do_ArrochaApp.swift */; };
		3AC7AC3626F5205E00DD30E6 /* ContentView.swift in Sources */ = {isa = PBXBuildFile; fileRef = 3AC7AC3526F5205E00DD30E6 /* ContentView.swift */; };
		3AC7AC3826F5206200DD30E6 /* Assets.xcassets in Resources */ = {isa = PBXBuildFile; fileRef = 3AC7AC3726F5206200DD30E6 /* Assets.xcassets */; };
		3AC7AC3B26F5206200DD30E6 /* Preview Assets.xcassets in Resources */ = {isa = PBXBuildFile; fileRef = 3AC7AC3A26F5206200DD30E6 /* Preview Assets.xcassets */; };
		3AC7AC4326F5208300DD30E6 /* ArrochaViewModel.swift in Sources */ = {isa = PBXBuildFile; fileRef = 3AC7AC4226F5208300DD30E6 /* ArrochaViewModel.swift */; };
		3AC7AC4826F5230900DD30E6 /* JogoStatus.swift in Sources */ = {isa = PBXBuildFile; fileRef = 3AC7AC4726F5230900DD30E6 /* JogoStatus.swift */; };
/* End PBXBuildFile section */

/* Begin PBXFileReference section */
		3AC7AC3026F5205E00DD30E6 /* Jogo do Arrocha.app */ = {isa = PBXFileReference; explicitFileType = wrapper.application; includeInIndex = 0; path = "Jogo do Arrocha.app"; sourceTree = BUILT_PRODUCTS_DIR; };
		3AC7AC3326F5205E00DD30E6 /* Jogo_do_ArrochaApp.swift */ = {isa = PBXFileReference; lastKnownFileType = sourcecode.swift; path = Jogo_do_ArrochaApp.swift; sourceTree = "<group>"; };
		3AC7AC3526F5205E00DD30E6 /* ContentView.swift */ = {isa = PBXFileReference; lastKnownFileType = sourcecode.swift; path = ContentView.swift; sourceTree = "<group>"; };
		3AC7AC3726F5206200DD30E6 /* Assets.xcassets */ = {isa = PBXFileReference; lastKnownFileType = folder.assetcatalog; path = Assets.xcassets; sourceTree = "<group>"; };
		3AC7AC3A26F5206200DD30E6 /* Preview Assets.xcassets */ = {isa = PBXFileReference; lastKnownFileType = folder.assetcatalog; path = "Preview Assets.xcassets"; sourceTree = "<group>"; };
		3AC7AC3C26F5206200DD30E6 /* Info.plist */ = {isa = PBXFileReference; lastKnownFileType = text.plist.xml; path = Info.plist; sourceTree = "<group>"; };
		3AC7AC4226F5208300DD30E6 /* ArrochaViewModel.swift */ = {isa = PBXFileReference; lastKnownFileType = sourcecode.swift; path = ArrochaViewModel.swift; sourceTree = "<group>"; };
		3AC7AC4726F5230900DD30E6 /* JogoStatus.swift */ = {isa = PBXFileReference; lastKnownFileType = sourcecode.swift; path = JogoStatus.swift; sourceTree = "<group>"; };
/* End PBXFileReference section */

/* Begin PBXFrameworksBuildPhase section */
		3AC7AC2D26F5205E00DD30E6 /* Frameworks */ = {
			isa = PBXFrameworksBuildPhase;
			buildActionMask = 2147483647;
			files = (
			);
			runOnlyForDeploymentPostprocessing = 0;
		};
/* End PBXFrameworksBuildPhase section */

/* Begin PBXGroup section */
		3AC7AC2726F5205E00DD30E6 = {
			isa = PBXGroup;
			children = (
				3AC7AC3226F5205E00DD30E6 /* Jogo do Arrocha */,
				3AC7AC3126F5205E00DD30E6 /* Products */,
			);
			sourceTree = "<group>";
		};
		3AC7AC3126F5205E00DD30E6 /* Products */ = {
			isa = PBXGroup;
			children = (
				3AC7AC3026F5205E00DD30E6 /* Jogo do Arrocha.app */,
			);
			name = Products;
			sourceTree = "<group>";
		};
		3AC7AC3226F5205E00DD30E6 /* Jogo do Arrocha */ = {
			isa = PBXGroup;
			children = (
				3AC7AC3326F5205E00DD30E6 /* Jogo_do_ArrochaApp.swift */,
				3AC7AC4626F522EA00DD30E6 /* State */,
				3AC7AC4526F5220100DD30E6 /* View */,
				3AC7AC4426F521FC00DD30E6 /* ViewModel */,
				3AC7AC3726F5206200DD30E6 /* Assets.xcassets */,
				3AC7AC3C26F5206200DD30E6 /* Info.plist */,
				3AC7AC3926F5206200DD30E6 /* Preview Content */,
			);
			path = "Jogo do Arrocha";
			sourceTree = "<group>";
		};
		3AC7AC3926F5206200DD30E6 /* Preview Content */ = {
			isa = PBXGroup;
			children = (
				3AC7AC3A26F5206200DD30E6 /* Preview Assets.xcassets */,
			);
			path = "Preview Content";
			sourceTree = "<group>";
		};
		3AC7AC4426F521FC00DD30E6 /* ViewModel */ = {
			isa = PBXGroup;
			children = (
				3AC7AC4226F5208300DD30E6 /* ArrochaViewModel.swift */,
			);
			path = ViewModel;
			sourceTree = "<group>";
		};
		3AC7AC4526F5220100DD30E6 /* View */ = {
			isa = PBXGroup;
			children = (
				3AC7AC3526F5205E00DD30E6 /* ContentView.swift */,
			);
			path = View;
			sourceTree = "<group>";
		};
		3AC7AC4626F522EA00DD30E6 /* State */ = {
			isa = PBXGroup;
			children = (
				3AC7AC4726F5230900DD30E6 /* JogoStatus.swift */,
			);
			path = State;
			sourceTree = "<group>";
		};
/* End PBXGroup section */

/* Begin PBXNativeTarget section */
		3AC7AC2F26F5205E00DD30E6 /* Jogo do Arrocha */ = {
			isa = PBXNativeTarget;
			buildConfigurationList = 3AC7AC3F26F5206300DD30E6 /* Build configuration list for PBXNativeTarget "Jogo do Arrocha" */;
			buildPhases = (
				3AC7AC2C26F5205E00DD30E6 /* Sources */,
				3AC7AC2D26F5205E00DD30E6 /* Frameworks */,
				3AC7AC2E26F5205E00DD30E6 /* Resources */,
			);
			buildRules = (
			);
			dependencies = (
			);
			name = "Jogo do Arrocha";
			productName = "Jogo do Arrocha";
			productReference = 3AC7AC3026F5205E00DD30E6 /* Jogo do Arrocha.app */;
			productType = "com.apple.product-type.application";
		};
/* End PBXNativeTarget section */

/* Begin PBXProject section */
		3AC7AC2826F5205E00DD30E6 /* Project object */ = {
			isa = PBXProject;
			attributes = {
				LastSwiftUpdateCheck = 1250;
				LastUpgradeCheck = 1250;
				TargetAttributes = {
					3AC7AC2F26F5205E00DD30E6 = {
						CreatedOnToolsVersion = 12.5.1;
					};
				};
			};
			buildConfigurationList = 3AC7AC2B26F5205E00DD30E6 /* Build configuration list for PBXProject "Jogo do Arrocha" */;
			compatibilityVersion = "Xcode 9.3";
			developmentRegion = en;
			hasScannedForEncodings = 0;
			knownRegions = (
				en,
				Base,
			);
			mainGroup = 3AC7AC2726F5205E00DD30E6;
			productRefGroup = 3AC7AC3126F5205E00DD30E6 /* Products */;
			projectDirPath = "";
			projectRoot = "";
			targets = (
				3AC7AC2F26F5205E00DD30E6 /* Jogo do Arrocha */,
			);
		};
/* End PBXProject section */

/* Begin PBXResourcesBuildPhase section */
		3AC7AC2E26F5205E00DD30E6 /* Resources */ = {
			isa = PBXResourcesBuildPhase;
			buildActionMask = 2147483647;
			files = (
				3AC7AC3B26F5206200DD30E6 /* Preview Assets.xcassets in Resources */,
				3AC7AC3826F5206200DD30E6 /* Assets.xcassets in Resources */,
			);
			runOnlyForDeploymentPostprocessing = 0;
		};
/* End PBXResourcesBuildPhase section */

/* Begin PBXSourcesBuildPhase section */
		3AC7AC2C26F5205E00DD30E6 /* Sources */ = {
			isa = PBXSourcesBuildPhase;
			buildActionMask = 2147483647;
			files = (
				3AC7AC4326F5208300DD30E6 /* ArrochaViewModel.swift in Sources */,
				3AC7AC3626F5205E00DD30E6 /* ContentView.swift in Sources */,
				3AC7AC4826F5230900DD30E6 /* JogoStatus.swift in Sources */,
				3AC7AC3426F5205E00DD30E6 /* Jogo_do_ArrochaApp.swift in Sources */,
			);
			runOnlyForDeploymentPostprocessing = 0;
		};
/* End PBXSourcesBuildPhase section */

/* Begin XCBuildConfiguration section */
		3AC7AC3D26F5206300DD30E6 /* Debug */ = {
			isa = XCBuildConfiguration;
			buildSettings = {
				ALWAYS_SEARCH_USER_PATHS = NO;
				CLANG_ANALYZER_NONNULL = YES;
				CLANG_ANALYZER_NUMBER_OBJECT_CONVERSION = YES_AGGRESSIVE;
				CLANG_CXX_LANGUAGE_STANDARD = "gnu++14";
				CLANG_CXX_LIBRARY = "libc++";
				CLANG_ENABLE_MODULES = YES;
				CLANG_ENABLE_OBJC_ARC = YES;
				CLANG_ENABLE_OBJC_WEAK = YES;
				CLANG_WARN_BLOCK_CAPTURE_AUTORELEASING = YES;
				CLANG_WARN_BOOL_CONVERSION = YES;
				CLANG_WARN_COMMA = YES;
				CLANG_WARN_CONSTANT_CONVERSION = YES;
				CLANG_WARN_DEPRECATED_OBJC_IMPLEMENTATIONS = YES;
				CLANG_WARN_DIRECT_OBJC_ISA_USAGE = YES_ERROR;
				CLANG_WARN_DOCUMENTATION_COMMENTS = YES;
				CLANG_WARN_EMPTY_BODY = YES;
				CLANG_WARN_ENUM_CONVERSION = YES;
				CLANG_WARN_INFINITE_RECURSION = YES;
				CLANG_WARN_INT_CONVERSION = YES;
				CLANG_WARN_NON_LITERAL_NULL_CONVERSION = YES;
				CLANG_WARN_OBJC_IMPLICIT_RETAIN_SELF = YES;
				CLANG_WARN_OBJC_LITERAL_CONVERSION = YES;
				CLANG_WARN_OBJC_ROOT_CLASS = YES_ERROR;
				CLANG_WARN_QUOTED_INCLUDE_IN_FRAMEWORK_HEADER = YES;
				CLANG_WARN_RANGE_LOOP_ANALYSIS = YES;
				CLANG_WARN_STRICT_PROTOTYPES = YES;
				CLANG_WARN_SUSPICIOUS_MOVE = YES;
				CLANG_WARN_UNGUARDED_AVAILABILITY = YES_AGGRESSIVE;
				CLANG_WARN_UNREACHABLE_CODE = YES;
				CLANG_WARN__DUPLICATE_METHOD_MATCH = YES;
				COPY_PHASE_STRIP = NO;
				DEBUG_INFORMATION_FORMAT = dwarf;
				ENABLE_STRICT_OBJC_MSGSEND = YES;
				ENABLE_TESTABILITY = YES;
				GCC_C_LANGUAGE_STANDARD = gnu11;
				GCC_DYNAMIC_NO_PIC = NO;
				GCC_NO_COMMON_BLOCKS = YES;
				GCC_OPTIMIZATION_LEVEL = 0;
				GCC_PREPROCESSOR_DEFINITIONS = (
					"DEBUG=1",
					"$(inherited)",
				);
				GCC_WARN_64_TO_32_BIT_CONVERSION = YES;
				GCC_WARN_ABOUT_RETURN_TYPE = YES_ERROR;
				GCC_WARN_UNDECLARED_SELECTOR = YES;
				GCC_WARN_UNINITIALIZED_AUTOS = YES_AGGRESSIVE;
				GCC_WARN_UNUSED_FUNCTION = YES;
				GCC_WARN_UNUSED_VARIABLE = YES;
				IPHONEOS_DEPLOYMENT_TARGET = 14.5;
				MTL_ENABLE_DEBUG_INFO = INCLUDE_SOURCE;
				MTL_FAST_MATH = YES;
				ONLY_ACTIVE_ARCH = YES;
				SDKROOT = iphoneos;
				SWIFT_ACTIVE_COMPILATION_CONDITIONS = DEBUG;
				SWIFT_OPTIMIZATION_LEVEL = "-Onone";
			};
			name = Debug;
		};
		3AC7AC3E26F5206300DD30E6 /* Release */ = {
			isa = XCBuildConfiguration;
			buildSettings = {
				ALWAYS_SEARCH_USER_PATHS = NO;
				CLANG_ANALYZER_NONNULL = YES;
				CLANG_ANALYZER_NUMBER_OBJECT_CONVERSION = YES_AGGRESSIVE;
				CLANG_CXX_LANGUAGE_STANDARD = "gnu++14";
				CLANG_CXX_LIBRARY = "libc++";
				CLANG_ENABLE_MODULES = YES;
				CLANG_ENABLE_OBJC_ARC = YES;
				CLANG_ENABLE_OBJC_WEAK = YES;
				CLANG_WARN_BLOCK_CAPTURE_AUTORELEASING = YES;
				CLANG_WARN_BOOL_CONVERSION = YES;
				CLANG_WARN_COMMA = YES;
				CLANG_WARN_CONSTANT_CONVERSION = YES;
				CLANG_WARN_DEPRECATED_OBJC_IMPLEMENTATIONS = YES;
				CLANG_WARN_DIRECT_OBJC_ISA_USAGE = YES_ERROR;
				CLANG_WARN_DOCUMENTATION_COMMENTS = YES;
				CLANG_WARN_EMPTY_BODY = YES;
				CLANG_WARN_ENUM_CONVERSION = YES;
				CLANG_WARN_INFINITE_RECURSION = YES;
				CLANG_WARN_INT_CONVERSION = YES;
				CLANG_WARN_NON_LITERAL_NULL_CONVERSION = YES;
				CLANG_WARN_OBJC_IMPLICIT_RETAIN_SELF = YES;
				CLANG_WARN_OBJC_LITERAL_CONVERSION = YES;
				CLANG_WARN_OBJC_ROOT_CLASS = YES_ERROR;
				CLANG_WARN_QUOTED_INCLUDE_IN_FRAMEWORK_HEADER = YES;
				CLANG_WARN_RANGE_LOOP_ANALYSIS = YES;
				CLANG_WARN_STRICT_PROTOTYPES = YES;
				CLANG_WARN_SUSPICIOUS_MOVE = YES;
				CLANG_WARN_UNGUARDED_AVAILABILITY = YES_AGGRESSIVE;
				CLANG_WARN_UNREACHABLE_CODE = YES;
				CLANG_WARN__DUPLICATE_METHOD_MATCH = YES;
				COPY_PHASE_STRIP = NO;
				DEBUG_INFORMATION_FORMAT = "dwarf-with-dsym";
				ENABLE_NS_ASSERTIONS = NO;
				ENABLE_STRICT_OBJC_MSGSEND = YES;
				GCC_C_LANGUAGE_STANDARD = gnu11;
				GCC_NO_COMMON_BLOCKS = YES;
				GCC_WARN_64_TO_32_BIT_CONVERSION = YES;
				GCC_WARN_ABOUT_RETURN_TYPE = YES_ERROR;
				GCC_WARN_UNDECLARED_SELECTOR = YES;
				GCC_WARN_UNINITIALIZED_AUTOS = YES_AGGRESSIVE;
				GCC_WARN_UNUSED_FUNCTION = YES;
				GCC_WARN_UNUSED_VARIABLE = YES;
				IPHONEOS_DEPLOYMENT_TARGET = 14.5;
				MTL_ENABLE_DEBUG_INFO = NO;
				MTL_FAST_MATH = YES;
				SDKROOT = iphoneos;
				SWIFT_COMPILATION_MODE = wholemodule;
				SWIFT_OPTIMIZATION_LEVEL = "-O";
				VALIDATE_PRODUCT = YES;
			};
			name = Release;
		};
		3AC7AC4026F5206300DD30E6 /* Debug */ = {
			isa = XCBuildConfiguration;
			buildSettings = {
				ASSETCATALOG_COMPILER_APPICON_NAME = AppIcon;
				ASSETCATALOG_COMPILER_GLOBAL_ACCENT_COLOR_NAME = AccentColor;
				CODE_SIGN_STYLE = Automatic;
				DEVELOPMENT_ASSET_PATHS = "\"Jogo do Arrocha/Preview Content\"";
				ENABLE_PREVIEWS = YES;
				INFOPLIST_FILE = "Jogo do Arrocha/Info.plist";
				IPHONEOS_DEPLOYMENT_TARGET = 14.0;
				LD_RUNPATH_SEARCH_PATHS = (
					"$(inherited)",
					"@executable_path/Frameworks",
				);
				PRODUCT_BUNDLE_IDENTIFIER = "br.edu.ifpb.jpa.si.pdm.Jogo-do-Arrocha";
				PRODUCT_NAME = "$(TARGET_NAME)";
				SWIFT_VERSION = 5.0;
				TARGETED_DEVICE_FAMILY = "1,2";
			};
			name = Debug;
		};
		3AC7AC4126F5206300DD30E6 /* Release */ = {
			isa = XCBuildConfiguration;
			buildSettings = {
				ASSETCATALOG_COMPILER_APPICON_NAME = AppIcon;
				ASSETCATALOG_COMPILER_GLOBAL_ACCENT_COLOR_NAME = AccentColor;
				CODE_SIGN_STYLE = Automatic;
				DEVELOPMENT_ASSET_PATHS = "\"Jogo do Arrocha/Preview Content\"";
				ENABLE_PREVIEWS = YES;
				INFOPLIST_FILE = "Jogo do Arrocha/Info.plist";
				IPHONEOS_DEPLOYMENT_TARGET = 14.0;
				LD_RUNPATH_SEARCH_PATHS = (
					"$(inherited)",
					"@executable_path/Frameworks",
				);
				PRODUCT_BUNDLE_IDENTIFIER = "br.edu.ifpb.jpa.si.pdm.Jogo-do-Arrocha";
				PRODUCT_NAME = "$(TARGET_NAME)";
				SWIFT_VERSION = 5.0;
				TARGETED_DEVICE_FAMILY = "1,2";
			};
			name = Release;
		};
/* End XCBuildConfiguration section */

/* Begin XCConfigurationList section */
		3AC7AC2B26F5205E00DD30E6 /* Build configuration list for PBXProject "Jogo do Arrocha" */ = {
			isa = XCConfigurationList;
			buildConfigurations = (
				3AC7AC3D26F5206300DD30E6 /* Debug */,
				3AC7AC3E26F5206300DD30E6 /* Release */,
			);
			defaultConfigurationIsVisible = 0;
			defaultConfigurationName = Release;
		};
		3AC7AC3F26F5206300DD30E6 /* Build configuration list for PBXNativeTarget "Jogo do Arrocha" */ = {
			isa = XCConfigurationList;
			buildConfigurations = (
				3AC7AC4026F5206300DD30E6 /* Debug */,
				3AC7AC4126F5206300DD30E6 /* Release */,
			);
			defaultConfigurationIsVisible = 0;
			defaultConfigurationName = Release;
		};
/* End XCConfigurationList section */
	};
	rootObject = 3AC7AC2826F5205E00DD30E6 /* Project object */;
}
