// !$*UTF8*$!
{
	archiveVersion = 1;
	classes = {
	};
	objectVersion = 55;
	objects = {

/* Begin PBXBuildFile section */
		3A5A09ED26FE4203007CC800 /* Navigation1App.swift in Sources */ = {isa = PBXBuildFile; fileRef = 3A5A09EC26FE4203007CC800 /* Navigation1App.swift */; };
		3A5A09EF26FE4203007CC800 /* ContentView.swift in Sources */ = {isa = PBXBuildFile; fileRef = 3A5A09EE26FE4203007CC800 /* ContentView.swift */; };
		3A5A09F126FE4209007CC800 /* Assets.xcassets in Resources */ = {isa = PBXBuildFile; fileRef = 3A5A09F026FE4209007CC800 /* Assets.xcassets */; };
		3A5A09F426FE4209007CC800 /* Preview Assets.xcassets in Resources */ = {isa = PBXBuildFile; fileRef = 3A5A09F326FE4209007CC800 /* Preview Assets.xcassets */; };
		3A5A09FC26FE4266007CC800 /* Tela01View.swift in Sources */ = {isa = PBXBuildFile; fileRef = 3A5A09FB26FE4266007CC800 /* Tela01View.swift */; };
		3A5A09FE26FE445D007CC800 /* Tela02View.swift in Sources */ = {isa = PBXBuildFile; fileRef = 3A5A09FD26FE445D007CC800 /* Tela02View.swift */; };
		3A5A0A2026FE4BE4007CC800 /* TelaStatus.swift in Sources */ = {isa = PBXBuildFile; fileRef = 3A5A0A1F26FE4BE4007CC800 /* TelaStatus.swift */; };
		3A5A0A2226FE4C36007CC800 /* NavigationViewModel.swift in Sources */ = {isa = PBXBuildFile; fileRef = 3A5A0A2126FE4C36007CC800 /* NavigationViewModel.swift */; };
/* End PBXBuildFile section */

/* Begin PBXFileReference section */
		3A5A09E926FE4203007CC800 /* Navigation1.app */ = {isa = PBXFileReference; explicitFileType = wrapper.application; includeInIndex = 0; path = Navigation1.app; sourceTree = BUILT_PRODUCTS_DIR; };
		3A5A09EC26FE4203007CC800 /* Navigation1App.swift */ = {isa = PBXFileReference; lastKnownFileType = sourcecode.swift; path = Navigation1App.swift; sourceTree = "<group>"; };
		3A5A09EE26FE4203007CC800 /* ContentView.swift */ = {isa = PBXFileReference; lastKnownFileType = sourcecode.swift; path = ContentView.swift; sourceTree = "<group>"; };
		3A5A09F026FE4209007CC800 /* Assets.xcassets */ = {isa = PBXFileReference; lastKnownFileType = folder.assetcatalog; path = Assets.xcassets; sourceTree = "<group>"; };
		3A5A09F326FE4209007CC800 /* Preview Assets.xcassets */ = {isa = PBXFileReference; lastKnownFileType = folder.assetcatalog; path = "Preview Assets.xcassets"; sourceTree = "<group>"; };
		3A5A09FB26FE4266007CC800 /* Tela01View.swift */ = {isa = PBXFileReference; lastKnownFileType = sourcecode.swift; path = Tela01View.swift; sourceTree = "<group>"; };
		3A5A09FD26FE445D007CC800 /* Tela02View.swift */ = {isa = PBXFileReference; lastKnownFileType = sourcecode.swift; path = Tela02View.swift; sourceTree = "<group>"; };
		3A5A0A1F26FE4BE4007CC800 /* TelaStatus.swift */ = {isa = PBXFileReference; lastKnownFileType = sourcecode.swift; path = TelaStatus.swift; sourceTree = "<group>"; };
		3A5A0A2126FE4C36007CC800 /* NavigationViewModel.swift */ = {isa = PBXFileReference; lastKnownFileType = sourcecode.swift; path = NavigationViewModel.swift; sourceTree = "<group>"; };
/* End PBXFileReference section */

/* Begin PBXFrameworksBuildPhase section */
		3A5A09E626FE4203007CC800 /* Frameworks */ = {
			isa = PBXFrameworksBuildPhase;
			buildActionMask = 2147483647;
			files = (
			);
			runOnlyForDeploymentPostprocessing = 0;
		};
/* End PBXFrameworksBuildPhase section */

/* Begin PBXGroup section */
		3A5A09E026FE4203007CC800 = {
			isa = PBXGroup;
			children = (
				3A5A09EB26FE4203007CC800 /* Navigation1 */,
				3A5A09EA26FE4203007CC800 /* Products */,
			);
			sourceTree = "<group>";
		};
		3A5A09EA26FE4203007CC800 /* Products */ = {
			isa = PBXGroup;
			children = (
				3A5A09E926FE4203007CC800 /* Navigation1.app */,
			);
			name = Products;
			sourceTree = "<group>";
		};
		3A5A09EB26FE4203007CC800 /* Navigation1 */ = {
			isa = PBXGroup;
			children = (
				3A5A09EC26FE4203007CC800 /* Navigation1App.swift */,
				3A5A09EE26FE4203007CC800 /* ContentView.swift */,
				3A5A09FB26FE4266007CC800 /* Tela01View.swift */,
				3A5A09FD26FE445D007CC800 /* Tela02View.swift */,
				3A5A0A1F26FE4BE4007CC800 /* TelaStatus.swift */,
				3A5A0A2126FE4C36007CC800 /* NavigationViewModel.swift */,
				3A5A09F026FE4209007CC800 /* Assets.xcassets */,
				3A5A09F226FE4209007CC800 /* Preview Content */,
			);
			path = Navigation1;
			sourceTree = "<group>";
		};
		3A5A09F226FE4209007CC800 /* Preview Content */ = {
			isa = PBXGroup;
			children = (
				3A5A09F326FE4209007CC800 /* Preview Assets.xcassets */,
			);
			path = "Preview Content";
			sourceTree = "<group>";
		};
/* End PBXGroup section */

/* Begin PBXNativeTarget section */
		3A5A09E826FE4203007CC800 /* Navigation1 */ = {
			isa = PBXNativeTarget;
			buildConfigurationList = 3A5A09F726FE4209007CC800 /* Build configuration list for PBXNativeTarget "Navigation1" */;
			buildPhases = (
				3A5A09E526FE4203007CC800 /* Sources */,
				3A5A09E626FE4203007CC800 /* Frameworks */,
				3A5A09E726FE4203007CC800 /* Resources */,
			);
			buildRules = (
			);
			dependencies = (
			);
			name = Navigation1;
			productName = Navigation1;
			productReference = 3A5A09E926FE4203007CC800 /* Navigation1.app */;
			productType = "com.apple.product-type.application";
		};
/* End PBXNativeTarget section */

/* Begin PBXProject section */
		3A5A09E126FE4203007CC800 /* Project object */ = {
			isa = PBXProject;
			attributes = {
				BuildIndependentTargetsInParallel = 1;
				LastSwiftUpdateCheck = 1300;
				LastUpgradeCheck = 1300;
				TargetAttributes = {
					3A5A09E826FE4203007CC800 = {
						CreatedOnToolsVersion = 13.0;
					};
				};
			};
			buildConfigurationList = 3A5A09E426FE4203007CC800 /* Build configuration list for PBXProject "Navigation1" */;
			compatibilityVersion = "Xcode 13.0";
			developmentRegion = en;
			hasScannedForEncodings = 0;
			knownRegions = (
				en,
				Base,
			);
			mainGroup = 3A5A09E026FE4203007CC800;
			productRefGroup = 3A5A09EA26FE4203007CC800 /* Products */;
			projectDirPath = "";
			projectRoot = "";
			targets = (
				3A5A09E826FE4203007CC800 /* Navigation1 */,
			);
		};
/* End PBXProject section */

/* Begin PBXResourcesBuildPhase section */
		3A5A09E726FE4203007CC800 /* Resources */ = {
			isa = PBXResourcesBuildPhase;
			buildActionMask = 2147483647;
			files = (
				3A5A09F426FE4209007CC800 /* Preview Assets.xcassets in Resources */,
				3A5A09F126FE4209007CC800 /* Assets.xcassets in Resources */,
			);
			runOnlyForDeploymentPostprocessing = 0;
		};
/* End PBXResourcesBuildPhase section */

/* Begin PBXSourcesBuildPhase section */
		3A5A09E526FE4203007CC800 /* Sources */ = {
			isa = PBXSourcesBuildPhase;
			buildActionMask = 2147483647;
			files = (
				3A5A0A2226FE4C36007CC800 /* NavigationViewModel.swift in Sources */,
				3A5A0A2026FE4BE4007CC800 /* TelaStatus.swift in Sources */,
				3A5A09EF26FE4203007CC800 /* ContentView.swift in Sources */,
				3A5A09ED26FE4203007CC800 /* Navigation1App.swift in Sources */,
				3A5A09FC26FE4266007CC800 /* Tela01View.swift in Sources */,
				3A5A09FE26FE445D007CC800 /* Tela02View.swift in Sources */,
			);
			runOnlyForDeploymentPostprocessing = 0;
		};
/* End PBXSourcesBuildPhase section */

/* Begin XCBuildConfiguration section */
		3A5A09F526FE4209007CC800 /* Debug */ = {
			isa = XCBuildConfiguration;
			buildSettings = {
				ALWAYS_SEARCH_USER_PATHS = NO;
				CLANG_ANALYZER_NONNULL = YES;
				CLANG_ANALYZER_NUMBER_OBJECT_CONVERSION = YES_AGGRESSIVE;
				CLANG_CXX_LANGUAGE_STANDARD = "gnu++17";
				CLANG_CXX_LIBRARY = "libc++";
				CLANG_ENABLE_MODULES = YES;
				CLANG_ENABLE_OBJC_ARC = YES;
				CLANG_ENABLE_OBJC_WEAK = YES;
				CLANG_WARN_BLOCK_CAPTURE_AUTORELEASING = YES;
				CLANG_WARN_BOOL_CONVERSION = YES;
				CLANG_WARN_COMMA = YES;
				CLANG_WARN_CONSTANT_CONVERSION = YES;
				CLANG_WARN_DEPRECATED_OBJC_IMPLEMENTATIONS = YES;
				CLANG_WARN_DIRECT_OBJC_ISA_USAGE = YES_ERROR;
				CLANG_WARN_DOCUMENTATION_COMMENTS = YES;
				CLANG_WARN_EMPTY_BODY = YES;
				CLANG_WARN_ENUM_CONVERSION = YES;
				CLANG_WARN_INFINITE_RECURSION = YES;
				CLANG_WARN_INT_CONVERSION = YES;
				CLANG_WARN_NON_LITERAL_NULL_CONVERSION = YES;
				CLANG_WARN_OBJC_IMPLICIT_RETAIN_SELF = YES;
				CLANG_WARN_OBJC_LITERAL_CONVERSION = YES;
				CLANG_WARN_OBJC_ROOT_CLASS = YES_ERROR;
				CLANG_WARN_QUOTED_INCLUDE_IN_FRAMEWORK_HEADER = YES;
				CLANG_WARN_RANGE_LOOP_ANALYSIS = YES;
				CLANG_WARN_STRICT_PROTOTYPES = YES;
				CLANG_WARN_SUSPICIOUS_MOVE = YES;
				CLANG_WARN_UNGUARDED_AVAILABILITY = YES_AGGRESSIVE;
				CLANG_WARN_UNREACHABLE_CODE = YES;
				CLANG_WARN__DUPLICATE_METHOD_MATCH = YES;
				COPY_PHASE_STRIP = NO;
				DEBUG_INFORMATION_FORMAT = dwarf;
				ENABLE_STRICT_OBJC_MSGSEND = YES;
				ENABLE_TESTABILITY = YES;
				GCC_C_LANGUAGE_STANDARD = gnu11;
				GCC_DYNAMIC_NO_PIC = NO;
				GCC_NO_COMMON_BLOCKS = YES;
				GCC_OPTIMIZATION_LEVEL = 0;
				GCC_PREPROCESSOR_DEFINITIONS = (
					"DEBUG=1",
					"$(inherited)",
				);
				GCC_WARN_64_TO_32_BIT_CONVERSION = YES;
				GCC_WARN_ABOUT_RETURN_TYPE = YES_ERROR;
				GCC_WARN_UNDECLARED_SELECTOR = YES;
				GCC_WARN_UNINITIALIZED_AUTOS = YES_AGGRESSIVE;
				GCC_WARN_UNUSED_FUNCTION = YES;
				GCC_WARN_UNUSED_VARIABLE = YES;
				IPHONEOS_DEPLOYMENT_TARGET = 15.0;
				MTL_ENABLE_DEBUG_INFO = INCLUDE_SOURCE;
				MTL_FAST_MATH = YES;
				ONLY_ACTIVE_ARCH = YES;
				SDKROOT = iphoneos;
				SWIFT_ACTIVE_COMPILATION_CONDITIONS = DEBUG;
				SWIFT_OPTIMIZATION_LEVEL = "-Onone";
			};
			name = Debug;
		};
		3A5A09F626FE4209007CC800 /* Release */ = {
			isa = XCBuildConfiguration;
			buildSettings = {
				ALWAYS_SEARCH_USER_PATHS = NO;
				CLANG_ANALYZER_NONNULL = YES;
				CLANG_ANALYZER_NUMBER_OBJECT_CONVERSION = YES_AGGRESSIVE;
				CLANG_CXX_LANGUAGE_STANDARD = "gnu++17";
				CLANG_CXX_LIBRARY = "libc++";
				CLANG_ENABLE_MODULES = YES;
				CLANG_ENABLE_OBJC_ARC = YES;
				CLANG_ENABLE_OBJC_WEAK = YES;
				CLANG_WARN_BLOCK_CAPTURE_AUTORELEASING = YES;
				CLANG_WARN_BOOL_CONVERSION = YES;
				CLANG_WARN_COMMA = YES;
				CLANG_WARN_CONSTANT_CONVERSION = YES;
				CLANG_WARN_DEPRECATED_OBJC_IMPLEMENTATIONS = YES;
				CLANG_WARN_DIRECT_OBJC_ISA_USAGE = YES_ERROR;
				CLANG_WARN_DOCUMENTATION_COMMENTS = YES;
				CLANG_WARN_EMPTY_BODY = YES;
				CLANG_WARN_ENUM_CONVERSION = YES;
				CLANG_WARN_INFINITE_RECURSION = YES;
				CLANG_WARN_INT_CONVERSION = YES;
				CLANG_WARN_NON_LITERAL_NULL_CONVERSION = YES;
				CLANG_WARN_OBJC_IMPLICIT_RETAIN_SELF = YES;
				CLANG_WARN_OBJC_LITERAL_CONVERSION = YES;
				CLANG_WARN_OBJC_ROOT_CLASS = YES_ERROR;
				CLANG_WARN_QUOTED_INCLUDE_IN_FRAMEWORK_HEADER = YES;
				CLANG_WARN_RANGE_LOOP_ANALYSIS = YES;
				CLANG_WARN_STRICT_PROTOTYPES = YES;
				CLANG_WARN_SUSPICIOUS_MOVE = YES;
				CLANG_WARN_UNGUARDED_AVAILABILITY = YES_AGGRESSIVE;
				CLANG_WARN_UNREACHABLE_CODE = YES;
				CLANG_WARN__DUPLICATE_METHOD_MATCH = YES;
				COPY_PHASE_STRIP = NO;
				DEBUG_INFORMATION_FORMAT = "dwarf-with-dsym";
				ENABLE_NS_ASSERTIONS = NO;
				ENABLE_STRICT_OBJC_MSGSEND = YES;
				GCC_C_LANGUAGE_STANDARD = gnu11;
				GCC_NO_COMMON_BLOCKS = YES;
				GCC_WARN_64_TO_32_BIT_CONVERSION = YES;
				GCC_WARN_ABOUT_RETURN_TYPE = YES_ERROR;
				GCC_WARN_UNDECLARED_SELECTOR = YES;
				GCC_WARN_UNINITIALIZED_AUTOS = YES_AGGRESSIVE;
				GCC_WARN_UNUSED_FUNCTION = YES;
				GCC_WARN_UNUSED_VARIABLE = YES;
				IPHONEOS_DEPLOYMENT_TARGET = 15.0;
				MTL_ENABLE_DEBUG_INFO = NO;
				MTL_FAST_MATH = YES;
				SDKROOT = iphoneos;
				SWIFT_COMPILATION_MODE = wholemodule;
				SWIFT_OPTIMIZATION_LEVEL = "-O";
				VALIDATE_PRODUCT = YES;
			};
			name = Release;
		};
		3A5A09F826FE4209007CC800 /* Debug */ = {
			isa = XCBuildConfiguration;
			buildSettings = {
				ASSETCATALOG_COMPILER_APPICON_NAME = AppIcon;
				ASSETCATALOG_COMPILER_GLOBAL_ACCENT_COLOR_NAME = AccentColor;
				CODE_SIGN_STYLE = Automatic;
				CURRENT_PROJECT_VERSION = 1;
				DEVELOPMENT_ASSET_PATHS = "\"Navigation1/Preview Content\"";
				ENABLE_PREVIEWS = YES;
				GENERATE_INFOPLIST_FILE = YES;
				INFOPLIST_KEY_UIApplicationSceneManifest_Generation = YES;
				INFOPLIST_KEY_UIApplicationSupportsIndirectInputEvents = YES;
				INFOPLIST_KEY_UILaunchScreen_Generation = YES;
				INFOPLIST_KEY_UISupportedInterfaceOrientations_iPad = "UIInterfaceOrientationPortrait UIInterfaceOrientationPortraitUpsideDown UIInterfaceOrientationLandscapeLeft UIInterfaceOrientationLandscapeRight";
				INFOPLIST_KEY_UISupportedInterfaceOrientations_iPhone = "UIInterfaceOrientationPortrait UIInterfaceOrientationLandscapeLeft UIInterfaceOrientationLandscapeRight";
				IPHONEOS_DEPLOYMENT_TARGET = 14.0;
				LD_RUNPATH_SEARCH_PATHS = (
					"$(inherited)",
					"@executable_path/Frameworks",
				);
				MARKETING_VERSION = 1.0;
				PRODUCT_BUNDLE_IDENTIFIER = br.edu.ifpb.jpa.si.pdm.Navigation1;
				PRODUCT_NAME = "$(TARGET_NAME)";
				SWIFT_EMIT_LOC_STRINGS = YES;
				SWIFT_VERSION = 5.0;
				TARGETED_DEVICE_FAMILY = "1,2";
			};
			name = Debug;
		};
		3A5A09F926FE4209007CC800 /* Release */ = {
			isa = XCBuildConfiguration;
			buildSettings = {
				ASSETCATALOG_COMPILER_APPICON_NAME = AppIcon;
				ASSETCATALOG_COMPILER_GLOBAL_ACCENT_COLOR_NAME = AccentColor;
				CODE_SIGN_STYLE = Automatic;
				CURRENT_PROJECT_VERSION = 1;
				DEVELOPMENT_ASSET_PATHS = "\"Navigation1/Preview Content\"";
				ENABLE_PREVIEWS = YES;
				GENERATE_INFOPLIST_FILE = YES;
				INFOPLIST_KEY_UIApplicationSceneManifest_Generation = YES;
				INFOPLIST_KEY_UIApplicationSupportsIndirectInputEvents = YES;
				INFOPLIST_KEY_UILaunchScreen_Generation = YES;
				INFOPLIST_KEY_UISupportedInterfaceOrientations_iPad = "UIInterfaceOrientationPortrait UIInterfaceOrientationPortraitUpsideDown UIInterfaceOrientationLandscapeLeft UIInterfaceOrientationLandscapeRight";
				INFOPLIST_KEY_UISupportedInterfaceOrientations_iPhone = "UIInterfaceOrientationPortrait UIInterfaceOrientationLandscapeLeft UIInterfaceOrientationLandscapeRight";
				IPHONEOS_DEPLOYMENT_TARGET = 14.0;
				LD_RUNPATH_SEARCH_PATHS = (
					"$(inherited)",
					"@executable_path/Frameworks",
				);
				MARKETING_VERSION = 1.0;
				PRODUCT_BUNDLE_IDENTIFIER = br.edu.ifpb.jpa.si.pdm.Navigation1;
				PRODUCT_NAME = "$(TARGET_NAME)";
				SWIFT_EMIT_LOC_STRINGS = YES;
				SWIFT_VERSION = 5.0;
				TARGETED_DEVICE_FAMILY = "1,2";
			};
			name = Release;
		};
/* End XCBuildConfiguration section */

/* Begin XCConfigurationList section */
		3A5A09E426FE4203007CC800 /* Build configuration list for PBXProject "Navigation1" */ = {
			isa = XCConfigurationList;
			buildConfigurations = (
				3A5A09F526FE4209007CC800 /* Debug */,
				3A5A09F626FE4209007CC800 /* Release */,
			);
			defaultConfigurationIsVisible = 0;
			defaultConfigurationName = Release;
		};
		3A5A09F726FE4209007CC800 /* Build configuration list for PBXNativeTarget "Navigation1" */ = {
			isa = XCConfigurationList;
			buildConfigurations = (
				3A5A09F826FE4209007CC800 /* Debug */,
				3A5A09F926FE4209007CC800 /* Release */,
			);
			defaultConfigurationIsVisible = 0;
			defaultConfigurationName = Release;
		};
/* End XCConfigurationList section */
	};
	rootObject = 3A5A09E126FE4203007CC800 /* Project object */;
}
